
Microsoft Visual Studio Solution File, Format Version 12.00
# Visual Studio 15
VisualStudioVersion = 15.0.27703.2042
MinimumVisualStudioVersion = 10.0.40219.1
Project("{FAE04EC0-301F-11D3-BF4B-00C04F79EFBC}") = "MusicPlayer", "MusicPlayer\MusicPlayer.csproj", "{BE1F7FA9-5B7F-46A1-A621-F1859A8F47DD}"
EndProject
Global
	GlobalSection(SolutionConfigurationPlatforms) = preSolution
		Debug|Any CPU = Debug|Any CPU
		Release|Any CPU = Release|Any CPU
	EndGlobalSection
	GlobalSection(ProjectConfigurationPlatforms) = postSolution
		{BE1F7FA9-5B7F-46A1-A621-F1859A8F47DD}.Debug|Any CPU.ActiveCfg = Debug|Any CPU
		{BE1F7FA9-5B7F-46A1-A621-F1859A8F47DD}.Debug|Any CPU.Build.0 = Debug|Any CPU
		{BE1F7FA9-5B7F-46A1-A621-F1859A8F47DD}.Release|Any CPU.ActiveCfg = Release|Any CPU
		{BE1F7FA9-5B7F-46A1-A621-F1859A8F47DD}.Release|Any CPU.Build.0 = Release|Any CPU
	EndGlobalSection
	GlobalSection(SolutionProperties) = preSolution
		HideSolutionNode = FALSE
	EndGlobalSection
	GlobalSection(ExtensibilityGlobals) = postSolution
		SolutionGuid = {EC34458D-56E3-462A-8298-99AEB8B043C9}
	EndGlobalSection
EndGlobal
